
Microsoft Visual Studio Solution File, Format Version 12.00
# Visual Studio Version 17
VisualStudioVersion = 17.8.34601.278
MinimumVisualStudioVersion = 10.0.40219.1
Project("{9A19103F-16F7-4668-BE54-9A1E7A4F7556}") = "EntityBuddy", "EntityBuddy.csproj", "{BD2EF9D6-471E-4481-976A-0A6F90F383F2}"
EndProject
Global
	GlobalSection(SolutionConfigurationPlatforms) = preSolution
		Debug|Any CPU = Debug|Any CPU
		Release|Any CPU = Release|Any CPU
	EndGlobalSection
	GlobalSection(ProjectConfigurationPlatforms) = postSolution
		{BD2EF9D6-471E-4481-976A-0A6F90F383F2}.Debug|Any CPU.ActiveCfg = Debug|Any CPU
		{BD2EF9D6-471E-4481-976A-0A6F90F383F2}.Debug|Any CPU.Build.0 = Debug|Any CPU
		{BD2EF9D6-471E-4481-976A-0A6F90F383F2}.Release|Any CPU.ActiveCfg = Release|Any CPU
		{BD2EF9D6-471E-4481-976A-0A6F90F383F2}.Release|Any CPU.Build.0 = Release|Any CPU
	EndGlobalSection
	GlobalSection(SolutionProperties) = preSolution
		HideSolutionNode = FALSE
	EndGlobalSection
	GlobalSection(ExtensibilityGlobals) = postSolution
		SolutionGuid = {F2441ADE-2D55-4305-9348-F25E04CB28B9}
	EndGlobalSection
EndGlobal
